
Microsoft Visual Studio Solution File, Format Version 12.00
# Visual Studio Version 17
VisualStudioVersion = 17.7.34031.279
MinimumVisualStudioVersion = 10.0.40219.1
Project("{9A19103F-16F7-4668-BE54-9A1E7A4F7556}") = "EBookStore.WebApi", "src\EBookStore.WebApi\EBookStore.WebApi.csproj", "{E4D94F76-3DBA-4C7A-9B6C-72E1112E09E5}"
EndProject
Project("{9A19103F-16F7-4668-BE54-9A1E7A4F7556}") = "EBookStore.Application", "src\EBookStore.Application\EBookStore.Application.csproj", "{6B93742D-67C2-47D4-9107-EAA43F46601E}"
EndProject
Project("{9A19103F-16F7-4668-BE54-9A1E7A4F7556}") = "EBookStore.Domain", "src\EBookStore.Domain\EBookStore.Domain.csproj", "{17891F94-B0E6-47AF-8269-61A6C26AD968}"
EndProject
Project("{9A19103F-16F7-4668-BE54-9A1E7A4F7556}") = "EBookStore.Infrastructure", "src\EBookStore.Infrastructure\EBookStore.Infrastructure.csproj", "{3114E2FA-EBB5-4D29-93E9-4585305216B9}"
EndProject
Project("{9A19103F-16F7-4668-BE54-9A1E7A4F7556}") = "EBookStore.WebClient", "src\EBookStore.WebClient\EBookStore.WebClient.csproj", "{261F2ADC-9B1B-4F3C-A822-0CDE9D22EE06}"
EndProject
Global
	GlobalSection(SolutionConfigurationPlatforms) = preSolution
		Debug|Any CPU = Debug|Any CPU
		Release|Any CPU = Release|Any CPU
	EndGlobalSection
	GlobalSection(ProjectConfigurationPlatforms) = postSolution
		{E4D94F76-3DBA-4C7A-9B6C-72E1112E09E5}.Debug|Any CPU.ActiveCfg = Debug|Any CPU
		{E4D94F76-3DBA-4C7A-9B6C-72E1112E09E5}.Debug|Any CPU.Build.0 = Debug|Any CPU
		{E4D94F76-3DBA-4C7A-9B6C-72E1112E09E5}.Release|Any CPU.ActiveCfg = Release|Any CPU
		{E4D94F76-3DBA-4C7A-9B6C-72E1112E09E5}.Release|Any CPU.Build.0 = Release|Any CPU
		{6B93742D-67C2-47D4-9107-EAA43F46601E}.Debug|Any CPU.ActiveCfg = Debug|Any CPU
		{6B93742D-67C2-47D4-9107-EAA43F46601E}.Debug|Any CPU.Build.0 = Debug|Any CPU
		{6B93742D-67C2-47D4-9107-EAA43F46601E}.Release|Any CPU.ActiveCfg = Release|Any CPU
		{6B93742D-67C2-47D4-9107-EAA43F46601E}.Release|Any CPU.Build.0 = Release|Any CPU
		{17891F94-B0E6-47AF-8269-61A6C26AD968}.Debug|Any CPU.ActiveCfg = Debug|Any CPU
		{17891F94-B0E6-47AF-8269-61A6C26AD968}.Debug|Any CPU.Build.0 = Debug|Any CPU
		{17891F94-B0E6-47AF-8269-61A6C26AD968}.Release|Any CPU.ActiveCfg = Release|Any CPU
		{17891F94-B0E6-47AF-8269-61A6C26AD968}.Release|Any CPU.Build.0 = Release|Any CPU
		{3114E2FA-EBB5-4D29-93E9-4585305216B9}.Debug|Any CPU.ActiveCfg = Debug|Any CPU
		{3114E2FA-EBB5-4D29-93E9-4585305216B9}.Debug|Any CPU.Build.0 = Debug|Any CPU
		{3114E2FA-EBB5-4D29-93E9-4585305216B9}.Release|Any CPU.ActiveCfg = Release|Any CPU
		{3114E2FA-EBB5-4D29-93E9-4585305216B9}.Release|Any CPU.Build.0 = Release|Any CPU
		{261F2ADC-9B1B-4F3C-A822-0CDE9D22EE06}.Debug|Any CPU.ActiveCfg = Debug|Any CPU
		{261F2ADC-9B1B-4F3C-A822-0CDE9D22EE06}.Debug|Any CPU.Build.0 = Debug|Any CPU
		{261F2ADC-9B1B-4F3C-A822-0CDE9D22EE06}.Release|Any CPU.ActiveCfg = Release|Any CPU
		{261F2ADC-9B1B-4F3C-A822-0CDE9D22EE06}.Release|Any CPU.Build.0 = Release|Any CPU
	EndGlobalSection
	GlobalSection(SolutionProperties) = preSolution
		HideSolutionNode = FALSE
	EndGlobalSection
	GlobalSection(ExtensibilityGlobals) = postSolution
		SolutionGuid = {6226160F-08A4-4C53-81D8-D5F125AE5BA1}
	EndGlobalSection
EndGlobal
